// !$*UTF8*$!
{
	archiveVersion = 1;
	classes = {
	};
	objectVersion = 50;
	objects = {

/* Begin PBXBuildFile section */
		2E02B86A26EBA05C00CA3435 /* AppDelegate.swift in Sources */ = {isa = PBXBuildFile; fileRef = 2E02B86926EBA05C00CA3435 /* AppDelegate.swift */; };
		2E02B86C26EBA05C00CA3435 /* SceneDelegate.swift in Sources */ = {isa = PBXBuildFile; fileRef = 2E02B86B26EBA05C00CA3435 /* SceneDelegate.swift */; };
		2E02B86E26EBA05C00CA3435 /* ViewController.swift in Sources */ = {isa = PBXBuildFile; fileRef = 2E02B86D26EBA05C00CA3435 /* ViewController.swift */; };
		2E02B87126EBA05C00CA3435 /* Main.storyboard in Resources */ = {isa = PBXBuildFile; fileRef = 2E02B86F26EBA05C00CA3435 /* Main.storyboard */; };
		2E02B87326EBA05D00CA3435 /* Assets.xcassets in Resources */ = {isa = PBXBuildFile; fileRef = 2E02B87226EBA05D00CA3435 /* Assets.xcassets */; };
		2E02B87626EBA05D00CA3435 /* LaunchScreen.storyboard in Resources */ = {isa = PBXBuildFile; fileRef = 2E02B87426EBA05D00CA3435 /* LaunchScreen.storyboard */; };
		6C615B0E92A987045FBF7632 /* Pods_StreamWithScheduler.framework in Frameworks */ = {isa = PBXBuildFile; fileRef = 5C1CEE72EFAF84A52AD2987E /* Pods_StreamWithScheduler.framework */; };
/* End PBXBuildFile section */

/* Begin PBXFileReference section */
		19C6817ABF6201C70D15ED32 /* Pods-StreamWithScheduler.debug.xcconfig */ = {isa = PBXFileReference; includeInIndex = 1; lastKnownFileType = text.xcconfig; name = "Pods-StreamWithScheduler.debug.xcconfig"; path = "Target Support Files/Pods-StreamWithScheduler/Pods-StreamWithScheduler.debug.xcconfig"; sourceTree = "<group>"; };
		2E02B86626EBA05C00CA3435 /* StreamWithScheduler.app */ = {isa = PBXFileReference; explicitFileType = wrapper.application; includeInIndex = 0; path = StreamWithScheduler.app; sourceTree = BUILT_PRODUCTS_DIR; };
		2E02B86926EBA05C00CA3435 /* AppDelegate.swift */ = {isa = PBXFileReference; lastKnownFileType = sourcecode.swift; path = AppDelegate.swift; sourceTree = "<group>"; };
		2E02B86B26EBA05C00CA3435 /* SceneDelegate.swift */ = {isa = PBXFileReference; lastKnownFileType = sourcecode.swift; path = SceneDelegate.swift; sourceTree = "<group>"; };
		2E02B86D26EBA05C00CA3435 /* ViewController.swift */ = {isa = PBXFileReference; lastKnownFileType = sourcecode.swift; path = ViewController.swift; sourceTree = "<group>"; };
		2E02B87026EBA05C00CA3435 /* Base */ = {isa = PBXFileReference; lastKnownFileType = file.storyboard; name = Base; path = Base.lproj/Main.storyboard; sourceTree = "<group>"; };
		2E02B87226EBA05D00CA3435 /* Assets.xcassets */ = {isa = PBXFileReference; lastKnownFileType = folder.assetcatalog; path = Assets.xcassets; sourceTree = "<group>"; };
		2E02B87526EBA05D00CA3435 /* Base */ = {isa = PBXFileReference; lastKnownFileType = file.storyboard; name = Base; path = Base.lproj/LaunchScreen.storyboard; sourceTree = "<group>"; };
		2E02B87726EBA05D00CA3435 /* Info.plist */ = {isa = PBXFileReference; lastKnownFileType = text.plist.xml; path = Info.plist; sourceTree = "<group>"; };
		5C1CEE72EFAF84A52AD2987E /* Pods_StreamWithScheduler.framework */ = {isa = PBXFileReference; explicitFileType = wrapper.framework; includeInIndex = 0; path = Pods_StreamWithScheduler.framework; sourceTree = BUILT_PRODUCTS_DIR; };
		695588606220B189CB928746 /* Pods-StreamWithScheduler.release.xcconfig */ = {isa = PBXFileReference; includeInIndex = 1; lastKnownFileType = text.xcconfig; name = "Pods-StreamWithScheduler.release.xcconfig"; path = "Target Support Files/Pods-StreamWithScheduler/Pods-StreamWithScheduler.release.xcconfig"; sourceTree = "<group>"; };
/* End PBXFileReference section */

/* Begin PBXFrameworksBuildPhase section */
		2E02B86326EBA05C00CA3435 /* Frameworks */ = {
			isa = PBXFrameworksBuildPhase;
			buildActionMask = 2147483647;
			files = (
				6C615B0E92A987045FBF7632 /* Pods_StreamWithScheduler.framework in Frameworks */,
			);
			runOnlyForDeploymentPostprocessing = 0;
		};
/* End PBXFrameworksBuildPhase section */

/* Begin PBXGroup section */
		2E02B85D26EBA05C00CA3435 = {
			isa = PBXGroup;
			children = (
				2E02B86826EBA05C00CA3435 /* StreamWithScheduler */,
				2E02B86726EBA05C00CA3435 /* Products */,
				EDA52AD4D9321A6CF2CA1E20 /* Pods */,
				7290B33B26D9C3EC15AE5455 /* Frameworks */,
			);
			sourceTree = "<group>";
		};
		2E02B86726EBA05C00CA3435 /* Products */ = {
			isa = PBXGroup;
			children = (
				2E02B86626EBA05C00CA3435 /* StreamWithScheduler.app */,
			);
			name = Products;
			sourceTree = "<group>";
		};
		2E02B86826EBA05C00CA3435 /* StreamWithScheduler */ = {
			isa = PBXGroup;
			children = (
				2E02B86926EBA05C00CA3435 /* AppDelegate.swift */,
				2E02B86B26EBA05C00CA3435 /* SceneDelegate.swift */,
				2E02B86D26EBA05C00CA3435 /* ViewController.swift */,
				2E02B86F26EBA05C00CA3435 /* Main.storyboard */,
				2E02B87226EBA05D00CA3435 /* Assets.xcassets */,
				2E02B87426EBA05D00CA3435 /* LaunchScreen.storyboard */,
				2E02B87726EBA05D00CA3435 /* Info.plist */,
			);
			path = StreamWithScheduler;
			sourceTree = "<group>";
		};
		7290B33B26D9C3EC15AE5455 /* Frameworks */ = {
			isa = PBXGroup;
			children = (
				5C1CEE72EFAF84A52AD2987E /* Pods_StreamWithScheduler.framework */,
			);
			name = Frameworks;
			sourceTree = "<group>";
		};
		EDA52AD4D9321A6CF2CA1E20 /* Pods */ = {
			isa = PBXGroup;
			children = (
				19C6817ABF6201C70D15ED32 /* Pods-StreamWithScheduler.debug.xcconfig */,
				695588606220B189CB928746 /* Pods-StreamWithScheduler.release.xcconfig */,
			);
			name = Pods;
			path = Pods;
			sourceTree = "<group>";
		};
/* End PBXGroup section */

/* Begin PBXNativeTarget section */
		2E02B86526EBA05C00CA3435 /* StreamWithScheduler */ = {
			isa = PBXNativeTarget;
			buildConfigurationList = 2E02B87A26EBA05D00CA3435 /* Build configuration list for PBXNativeTarget "StreamWithScheduler" */;
			buildPhases = (
				CC1232A5FF18AFBBF962D213 /* [CP] Check Pods Manifest.lock */,
				2E02B86226EBA05C00CA3435 /* Sources */,
				2E02B86326EBA05C00CA3435 /* Frameworks */,
				2E02B86426EBA05C00CA3435 /* Resources */,
				8A7BD274A21F3D6E210452DC /* [CP] Embed Pods Frameworks */,
			);
			buildRules = (
			);
			dependencies = (
			);
			name = StreamWithScheduler;
			productName = StreamWithScheduler;
			productReference = 2E02B86626EBA05C00CA3435 /* StreamWithScheduler.app */;
			productType = "com.apple.product-type.application";
		};
/* End PBXNativeTarget section */

/* Begin PBXProject section */
		2E02B85E26EBA05C00CA3435 /* Project object */ = {
			isa = PBXProject;
			attributes = {
				LastSwiftUpdateCheck = 1250;
				LastUpgradeCheck = 1250;
				TargetAttributes = {
					2E02B86526EBA05C00CA3435 = {
						CreatedOnToolsVersion = 12.5.1;
					};
				};
			};
			buildConfigurationList = 2E02B86126EBA05C00CA3435 /* Build configuration list for PBXProject "StreamWithScheduler" */;
			compatibilityVersion = "Xcode 9.3";
			developmentRegion = en;
			hasScannedForEncodings = 0;
			knownRegions = (
				en,
				Base,
			);
			mainGroup = 2E02B85D26EBA05C00CA3435;
			productRefGroup = 2E02B86726EBA05C00CA3435 /* Products */;
			projectDirPath = "";
			projectRoot = "";
			targets = (
				2E02B86526EBA05C00CA3435 /* StreamWithScheduler */,
			);
		};
/* End PBXProject section */

/* Begin PBXResourcesBuildPhase section */
		2E02B86426EBA05C00CA3435 /* Resources */ = {
			isa = PBXResourcesBuildPhase;
			buildActionMask = 2147483647;
			files = (
				2E02B87626EBA05D00CA3435 /* LaunchScreen.storyboard in Resources */,
				2E02B87326EBA05D00CA3435 /* Assets.xcassets in Resources */,
				2E02B87126EBA05C00CA3435 /* Main.storyboard in Resources */,
			);
			runOnlyForDeploymentPostprocessing = 0;
		};
/* End PBXResourcesBuildPhase section */

/* Begin PBXShellScriptBuildPhase section */
		8A7BD274A21F3D6E210452DC /* [CP] Embed Pods Frameworks */ = {
			isa = PBXShellScriptBuildPhase;
			buildActionMask = 2147483647;
			files = (
			);
			inputFileListPaths = (
				"${PODS_ROOT}/Target Support Files/Pods-StreamWithScheduler/Pods-StreamWithScheduler-frameworks-${CONFIGURATION}-input-files.xcfilelist",
			);
			name = "[CP] Embed Pods Frameworks";
			outputFileListPaths = (
				"${PODS_ROOT}/Target Support Files/Pods-StreamWithScheduler/Pods-StreamWithScheduler-frameworks-${CONFIGURATION}-output-files.xcfilelist",
			);
			runOnlyForDeploymentPostprocessing = 0;
			shellPath = /bin/sh;
			shellScript = "\"${PODS_ROOT}/Target Support Files/Pods-StreamWithScheduler/Pods-StreamWithScheduler-frameworks.sh\"\n";
			showEnvVarsInLog = 0;
		};
		CC1232A5FF18AFBBF962D213 /* [CP] Check Pods Manifest.lock */ = {
			isa = PBXShellScriptBuildPhase;
			buildActionMask = 2147483647;
			files = (
			);
			inputFileListPaths = (
			);
			inputPaths = (
				"${PODS_PODFILE_DIR_PATH}/Podfile.lock",
				"${PODS_ROOT}/Manifest.lock",
			);
			name = "[CP] Check Pods Manifest.lock";
			outputFileListPaths = (
			);
			outputPaths = (
				"$(DERIVED_FILE_DIR)/Pods-StreamWithScheduler-checkManifestLockResult.txt",
			);
			runOnlyForDeploymentPostprocessing = 0;
			shellPath = /bin/sh;
			shellScript = "diff \"${PODS_PODFILE_DIR_PATH}/Podfile.lock\" \"${PODS_ROOT}/Manifest.lock\" > /dev/null\nif [ $? != 0 ] ; then\n    # print error to STDERR\n    echo \"error: The sandbox is not in sync with the Podfile.lock. Run 'pod install' or update your CocoaPods installation.\" >&2\n    exit 1\nfi\n# This output is used by Xcode 'outputs' to avoid re-running this script phase.\necho \"SUCCESS\" > \"${SCRIPT_OUTPUT_FILE_0}\"\n";
			showEnvVarsInLog = 0;
		};
/* End PBXShellScriptBuildPhase section */

/* Begin PBXSourcesBuildPhase section */
		2E02B86226EBA05C00CA3435 /* Sources */ = {
			isa = PBXSourcesBuildPhase;
			buildActionMask = 2147483647;
			files = (
				2E02B86E26EBA05C00CA3435 /* ViewController.swift in Sources */,
				2E02B86A26EBA05C00CA3435 /* AppDelegate.swift in Sources */,
				2E02B86C26EBA05C00CA3435 /* SceneDelegate.swift in Sources */,
			);
			runOnlyForDeploymentPostprocessing = 0;
		};
/* End PBXSourcesBuildPhase section */

/* Begin PBXVariantGroup section */
		2E02B86F26EBA05C00CA3435 /* Main.storyboard */ = {
			isa = PBXVariantGroup;
			children = (
				2E02B87026EBA05C00CA3435 /* Base */,
			);
			name = Main.storyboard;
			sourceTree = "<group>";
		};
		2E02B87426EBA05D00CA3435 /* LaunchScreen.storyboard */ = {
			isa = PBXVariantGroup;
			children = (
				2E02B87526EBA05D00CA3435 /* Base */,
			);
			name = LaunchScreen.storyboard;
			sourceTree = "<group>";
		};
/* End PBXVariantGroup section */

/* Begin XCBuildConfiguration section */
		2E02B87826EBA05D00CA3435 /* Debug */ = {
			isa = XCBuildConfiguration;
			buildSettings = {
				ALWAYS_SEARCH_USER_PATHS = NO;
				CLANG_ANALYZER_NONNULL = YES;
				CLANG_ANALYZER_NUMBER_OBJECT_CONVERSION = YES_AGGRESSIVE;
				CLANG_CXX_LANGUAGE_STANDARD = "gnu++14";
				CLANG_CXX_LIBRARY = "libc++";
				CLANG_ENABLE_MODULES = YES;
				CLANG_ENABLE_OBJC_ARC = YES;
				CLANG_ENABLE_OBJC_WEAK = YES;
				CLANG_WARN_BLOCK_CAPTURE_AUTORELEASING = YES;
				CLANG_WARN_BOOL_CONVERSION = YES;
				CLANG_WARN_COMMA = YES;
				CLANG_WARN_CONSTANT_CONVERSION = YES;
				CLANG_WARN_DEPRECATED_OBJC_IMPLEMENTATIONS = YES;
				CLANG_WARN_DIRECT_OBJC_ISA_USAGE = YES_ERROR;
				CLANG_WARN_DOCUMENTATION_COMMENTS = YES;
				CLANG_WARN_EMPTY_BODY = YES;
				CLANG_WARN_ENUM_CONVERSION = YES;
				CLANG_WARN_INFINITE_RECURSION = YES;
				CLANG_WARN_INT_CONVERSION = YES;
				CLANG_WARN_NON_LITERAL_NULL_CONVERSION = YES;
				CLANG_WARN_OBJC_IMPLICIT_RETAIN_SELF = YES;
				CLANG_WARN_OBJC_LITERAL_CONVERSION = YES;
				CLANG_WARN_OBJC_ROOT_CLASS = YES_ERROR;
				CLANG_WARN_QUOTED_INCLUDE_IN_FRAMEWORK_HEADER = YES;
				CLANG_WARN_RANGE_LOOP_ANALYSIS = YES;
				CLANG_WARN_STRICT_PROTOTYPES = YES;
				CLANG_WARN_SUSPICIOUS_MOVE = YES;
				CLANG_WARN_UNGUARDED_AVAILABILITY = YES_AGGRESSIVE;
				CLANG_WARN_UNREACHABLE_CODE = YES;
				CLANG_WARN__DUPLICATE_METHOD_MATCH = YES;
				COPY_PHASE_STRIP = NO;
				DEBUG_INFORMATION_FORMAT = dwarf;
				ENABLE_STRICT_OBJC_MSGSEND = YES;
				ENABLE_TESTABILITY = YES;
				GCC_C_LANGUAGE_STANDARD = gnu11;
				GCC_DYNAMIC_NO_PIC = NO;
				GCC_NO_COMMON_BLOCKS = YES;
				GCC_OPTIMIZATION_LEVEL = 0;
				GCC_PREPROCESSOR_DEFINITIONS = (
					"DEBUG=1",
					"$(inherited)",
				);
				GCC_WARN_64_TO_32_BIT_CONVERSION = YES;
				GCC_WARN_ABOUT_RETURN_TYPE = YES_ERROR;
				GCC_WARN_UNDECLARED_SELECTOR = YES;
				GCC_WARN_UNINITIALIZED_AUTOS = YES_AGGRESSIVE;
				GCC_WARN_UNUSED_FUNCTION = YES;
				GCC_WARN_UNUSED_VARIABLE = YES;
				IPHONEOS_DEPLOYMENT_TARGET = 14.5;
				MTL_ENABLE_DEBUG_INFO = INCLUDE_SOURCE;
				MTL_FAST_MATH = YES;
				ONLY_ACTIVE_ARCH = YES;
				SDKROOT = iphoneos;
				SWIFT_ACTIVE_COMPILATION_CONDITIONS = DEBUG;
				SWIFT_OPTIMIZATION_LEVEL = "-Onone";
			};
			name = Debug;
		};
		2E02B87926EBA05D00CA3435 /* Release */ = {
			isa = XCBuildConfiguration;
			buildSettings = {
				ALWAYS_SEARCH_USER_PATHS = NO;
				CLANG_ANALYZER_NONNULL = YES;
				CLANG_ANALYZER_NUMBER_OBJECT_CONVERSION = YES_AGGRESSIVE;
				CLANG_CXX_LANGUAGE_STANDARD = "gnu++14";
				CLANG_CXX_LIBRARY = "libc++";
				CLANG_ENABLE_MODULES = YES;
				CLANG_ENABLE_OBJC_ARC = YES;
				CLANG_ENABLE_OBJC_WEAK = YES;
				CLANG_WARN_BLOCK_CAPTURE_AUTORELEASING = YES;
				CLANG_WARN_BOOL_CONVERSION = YES;
				CLANG_WARN_COMMA = YES;
				CLANG_WARN_CONSTANT_CONVERSION = YES;
				CLANG_WARN_DEPRECATED_OBJC_IMPLEMENTATIONS = YES;
				CLANG_WARN_DIRECT_OBJC_ISA_USAGE = YES_ERROR;
				CLANG_WARN_DOCUMENTATION_COMMENTS = YES;
				CLANG_WARN_EMPTY_BODY = YES;
				CLANG_WARN_ENUM_CONVERSION = YES;
				CLANG_WARN_INFINITE_RECURSION = YES;
				CLANG_WARN_INT_CONVERSION = YES;
				CLANG_WARN_NON_LITERAL_NULL_CONVERSION = YES;
				CLANG_WARN_OBJC_IMPLICIT_RETAIN_SELF = YES;
				CLANG_WARN_OBJC_LITERAL_CONVERSION = YES;
				CLANG_WARN_OBJC_ROOT_CLASS = YES_ERROR;
				CLANG_WARN_QUOTED_INCLUDE_IN_FRAMEWORK_HEADER = YES;
				CLANG_WARN_RANGE_LOOP_ANALYSIS = YES;
				CLANG_WARN_STRICT_PROTOTYPES = YES;
				CLANG_WARN_SUSPICIOUS_MOVE = YES;
				CLANG_WARN_UNGUARDED_AVAILABILITY = YES_AGGRESSIVE;
				CLANG_WARN_UNREACHABLE_CODE = YES;
				CLANG_WARN__DUPLICATE_METHOD_MATCH = YES;
				COPY_PHASE_STRIP = NO;
				DEBUG_INFORMATION_FORMAT = "dwarf-with-dsym";
				ENABLE_NS_ASSERTIONS = NO;
				ENABLE_STRICT_OBJC_MSGSEND = YES;
				GCC_C_LANGUAGE_STANDARD = gnu11;
				GCC_NO_COMMON_BLOCKS = YES;
				GCC_WARN_64_TO_32_BIT_CONVERSION = YES;
				GCC_WARN_ABOUT_RETURN_TYPE = YES_ERROR;
				GCC_WARN_UNDECLARED_SELECTOR = YES;
				GCC_WARN_UNINITIALIZED_AUTOS = YES_AGGRESSIVE;
				GCC_WARN_UNUSED_FUNCTION = YES;
				GCC_WARN_UNUSED_VARIABLE = YES;
				IPHONEOS_DEPLOYMENT_TARGET = 14.5;
				MTL_ENABLE_DEBUG_INFO = NO;
				MTL_FAST_MATH = YES;
				SDKROOT = iphoneos;
				SWIFT_COMPILATION_MODE = wholemodule;
				SWIFT_OPTIMIZATION_LEVEL = "-O";
				VALIDATE_PRODUCT = YES;
			};
			name = Release;
		};
		2E02B87B26EBA05D00CA3435 /* Debug */ = {
			isa = XCBuildConfiguration;
			baseConfigurationReference = 19C6817ABF6201C70D15ED32 /* Pods-StreamWithScheduler.debug.xcconfig */;
			buildSettings = {
				ASSETCATALOG_COMPILER_APPICON_NAME = AppIcon;
				ASSETCATALOG_COMPILER_GLOBAL_ACCENT_COLOR_NAME = AccentColor;
				CODE_SIGN_STYLE = Automatic;
				DEVELOPMENT_TEAM = X2D5P4CHD8;
				INFOPLIST_FILE = StreamWithScheduler/Info.plist;
				IPHONEOS_DEPLOYMENT_TARGET = 12.1;
				LD_RUNPATH_SEARCH_PATHS = (
					"$(inherited)",
					"@executable_path/Frameworks",
				);
				PRODUCT_BUNDLE_IDENTIFIER = Mingu.StreamWithScheduler;
				PRODUCT_NAME = "$(TARGET_NAME)";
				SWIFT_VERSION = 5.0;
				TARGETED_DEVICE_FAMILY = 1;
			};
			name = Debug;
		};
		2E02B87C26EBA05D00CA3435 /* Release */ = {
			isa = XCBuildConfiguration;
			baseConfigurationReference = 695588606220B189CB928746 /* Pods-StreamWithScheduler.release.xcconfig */;
			buildSettings = {
				ASSETCATALOG_COMPILER_APPICON_NAME = AppIcon;
				ASSETCATALOG_COMPILER_GLOBAL_ACCENT_COLOR_NAME = AccentColor;
				CODE_SIGN_STYLE = Automatic;
				DEVELOPMENT_TEAM = X2D5P4CHD8;
				INFOPLIST_FILE = StreamWithScheduler/Info.plist;
				IPHONEOS_DEPLOYMENT_TARGET = 12.1;
				LD_RUNPATH_SEARCH_PATHS = (
					"$(inherited)",
					"@executable_path/Frameworks",
				);
				PRODUCT_BUNDLE_IDENTIFIER = Mingu.StreamWithScheduler;
				PRODUCT_NAME = "$(TARGET_NAME)";
				SWIFT_VERSION = 5.0;
				TARGETED_DEVICE_FAMILY = 1;
			};
			name = Release;
		};
/* End XCBuildConfiguration section */

/* Begin XCConfigurationList section */
		2E02B86126EBA05C00CA3435 /* Build configuration list for PBXProject "StreamWithScheduler" */ = {
			isa = XCConfigurationList;
			buildConfigurations = (
				2E02B87826EBA05D00CA3435 /* Debug */,
				2E02B87926EBA05D00CA3435 /* Release */,
			);
			defaultConfigurationIsVisible = 0;
			defaultConfigurationName = Release;
		};
		2E02B87A26EBA05D00CA3435 /* Build configuration list for PBXNativeTarget "StreamWithScheduler" */ = {
			isa = XCConfigurationList;
			buildConfigurations = (
				2E02B87B26EBA05D00CA3435 /* Debug */,
				2E02B87C26EBA05D00CA3435 /* Release */,
			);
			defaultConfigurationIsVisible = 0;
			defaultConfigurationName = Release;
		};
/* End XCConfigurationList section */
	};
	rootObject = 2E02B85E26EBA05C00CA3435 /* Project object */;
}
